
Microsoft Visual Studio Solution File, Format Version 12.00
Project("{FAE04EC0-301F-11D3-BF4B-00C04F79EFBC}") = "zpsem", "zpsem\zpsem.csproj", "{425473F5-AFC7-4D50-B5C6-1E422301B5C0}"
EndProject
Global
	GlobalSection(SolutionConfigurationPlatforms) = preSolution
		Debug|Any CPU = Debug|Any CPU
		Release|Any CPU = Release|Any CPU
	EndGlobalSection
	GlobalSection(ProjectConfigurationPlatforms) = postSolution
		{425473F5-AFC7-4D50-B5C6-1E422301B5C0}.Debug|Any CPU.ActiveCfg = Debug|Any CPU
		{425473F5-AFC7-4D50-B5C6-1E422301B5C0}.Debug|Any CPU.Build.0 = Debug|Any CPU
		{425473F5-AFC7-4D50-B5C6-1E422301B5C0}.Release|Any CPU.ActiveCfg = Release|Any CPU
		{425473F5-AFC7-4D50-B5C6-1E422301B5C0}.Release|Any CPU.Build.0 = Release|Any CPU
	EndGlobalSection
EndGlobal
